
Microsoft Visual Studio Solution File, Format Version 12.00
# Visual Studio Version 17
VisualStudioVersion = 17.9.34622.214
MinimumVisualStudioVersion = 10.0.40219.1
Project("{9A19103F-16F7-4668-BE54-9A1E7A4F7556}") = "TourNhanh", "TourNhanh\TourNhanh.csproj", "{7A4363D1-D356-41B5-8A1F-36DA9233D049}"
EndProject
Global
	GlobalSection(SolutionConfigurationPlatforms) = preSolution
		Debug|Any CPU = Debug|Any CPU
		Release|Any CPU = Release|Any CPU
	EndGlobalSection
	GlobalSection(ProjectConfigurationPlatforms) = postSolution
		{7A4363D1-D356-41B5-8A1F-36DA9233D049}.Debug|Any CPU.ActiveCfg = Debug|Any CPU
		{7A4363D1-D356-41B5-8A1F-36DA9233D049}.Debug|Any CPU.Build.0 = Debug|Any CPU
		{7A4363D1-D356-41B5-8A1F-36DA9233D049}.Release|Any CPU.ActiveCfg = Release|Any CPU
		{7A4363D1-D356-41B5-8A1F-36DA9233D049}.Release|Any CPU.Build.0 = Release|Any CPU
	EndGlobalSection
	GlobalSection(SolutionProperties) = preSolution
		HideSolutionNode = FALSE
	EndGlobalSection
	GlobalSection(ExtensibilityGlobals) = postSolution
		SolutionGuid = {0C1F9147-FFB9-4C61-B748-89B0F5CBB687}
	EndGlobalSection
EndGlobal
